// !$*UTF8*$!
{
	archiveVersion = 1;
	classes = {
	};
	objectVersion = 50;
	objects = {

/* Begin PBXBuildFile section */
		51265695C7BB603A368E9901 /* Pods_ArtableAdmin.framework in Frameworks */ = {isa = PBXBuildFile; fileRef = 17F2F199CFB5F9A3E031ADE7 /* Pods_ArtableAdmin.framework */; };
		AA7F070B6280C9450BD62584 /* Pods_Artable.framework in Frameworks */ = {isa = PBXBuildFile; fileRef = 49EE826473589B87B1D202AD /* Pods_Artable.framework */; };
		B91D9A92229C3CA0001D9425 /* Extensions.swift in Sources */ = {isa = PBXBuildFile; fileRef = B91D9A91229C3CA0001D9425 /* Extensions.swift */; };
		B91D9A93229C3CA0001D9425 /* Extensions.swift in Sources */ = {isa = PBXBuildFile; fileRef = B91D9A91229C3CA0001D9425 /* Extensions.swift */; };
		B91FCBA4229999F900B6AEC6 /* LoginStoryboard.storyboard in Resources */ = {isa = PBXBuildFile; fileRef = B91FCBA3229999F900B6AEC6 /* LoginStoryboard.storyboard */; };
		B99812C02298ACDA00A59A40 /* AppDelegate.swift in Sources */ = {isa = PBXBuildFile; fileRef = B99812BF2298ACDA00A59A40 /* AppDelegate.swift */; };
		B99812C22298ACDA00A59A40 /* ViewController.swift in Sources */ = {isa = PBXBuildFile; fileRef = B99812C12298ACDA00A59A40 /* ViewController.swift */; };
		B99812C52298ACDA00A59A40 /* Main.storyboard in Resources */ = {isa = PBXBuildFile; fileRef = B99812C32298ACDA00A59A40 /* Main.storyboard */; };
		B99812C72298ACDC00A59A40 /* Assets.xcassets in Resources */ = {isa = PBXBuildFile; fileRef = B99812C62298ACDC00A59A40 /* Assets.xcassets */; };
		B99812CA2298ACDC00A59A40 /* LaunchScreen.storyboard in Resources */ = {isa = PBXBuildFile; fileRef = B99812C82298ACDC00A59A40 /* LaunchScreen.storyboard */; };
		B99812D82298AD1A00A59A40 /* AppDelegate.swift in Sources */ = {isa = PBXBuildFile; fileRef = B99812D72298AD1A00A59A40 /* AppDelegate.swift */; };
		B99812DA2298AD1A00A59A40 /* ViewController.swift in Sources */ = {isa = PBXBuildFile; fileRef = B99812D92298AD1A00A59A40 /* ViewController.swift */; };
		B99812DD2298AD1A00A59A40 /* Main.storyboard in Resources */ = {isa = PBXBuildFile; fileRef = B99812DB2298AD1A00A59A40 /* Main.storyboard */; };
		B99812E22298AD1B00A59A40 /* LaunchScreen.storyboard in Resources */ = {isa = PBXBuildFile; fileRef = B99812E02298AD1B00A59A40 /* LaunchScreen.storyboard */; };
		B99812E82298AE0000A59A40 /* Assets.xcassets in Resources */ = {isa = PBXBuildFile; fileRef = B99812C62298ACDC00A59A40 /* Assets.xcassets */; };
		B99FAD76229B8CCA00759564 /* GoogleService-Info.plist in Resources */ = {isa = PBXBuildFile; fileRef = B99FAD75229B8CCA00759564 /* GoogleService-Info.plist */; };
		B99FAD78229B8F6800759564 /* GoogleService-Info.plist in Resources */ = {isa = PBXBuildFile; fileRef = B99FAD77229B8F6800759564 /* GoogleService-Info.plist */; };
		B99FAD7C229B94E900759564 /* LoginVC.swift in Sources */ = {isa = PBXBuildFile; fileRef = B99FAD7B229B94E900759564 /* LoginVC.swift */; };
		B99FAD7E229B951000759564 /* RegisterVC.swift in Sources */ = {isa = PBXBuildFile; fileRef = B99FAD7D229B951000759564 /* RegisterVC.swift */; };
		B9E26274229EE0D70092B71E /* Constants.swift in Sources */ = {isa = PBXBuildFile; fileRef = B9E26273229EE0D70092B71E /* Constants.swift */; };
		B9E26276229EE6050092B71E /* Constants.swift in Sources */ = {isa = PBXBuildFile; fileRef = B9E26273229EE0D70092B71E /* Constants.swift */; };
		B9E26279229EE7B20092B71E /* RoundedViews.swift in Sources */ = {isa = PBXBuildFile; fileRef = B9E26278229EE7B20092B71E /* RoundedViews.swift */; };
/* End PBXBuildFile section */

/* Begin PBXFileReference section */
		17F2F199CFB5F9A3E031ADE7 /* Pods_ArtableAdmin.framework */ = {isa = PBXFileReference; explicitFileType = wrapper.framework; includeInIndex = 0; path = Pods_ArtableAdmin.framework; sourceTree = BUILT_PRODUCTS_DIR; };
		2A9DD2A86E3408589A77344B /* Pods-Artable.release.xcconfig */ = {isa = PBXFileReference; includeInIndex = 1; lastKnownFileType = text.xcconfig; name = "Pods-Artable.release.xcconfig"; path = "Pods/Target Support Files/Pods-Artable/Pods-Artable.release.xcconfig"; sourceTree = "<group>"; };
		49EE826473589B87B1D202AD /* Pods_Artable.framework */ = {isa = PBXFileReference; explicitFileType = wrapper.framework; includeInIndex = 0; path = Pods_Artable.framework; sourceTree = BUILT_PRODUCTS_DIR; };
		82628C99C08A7582620A9680 /* Pods-Artable.debug.xcconfig */ = {isa = PBXFileReference; includeInIndex = 1; lastKnownFileType = text.xcconfig; name = "Pods-Artable.debug.xcconfig"; path = "Pods/Target Support Files/Pods-Artable/Pods-Artable.debug.xcconfig"; sourceTree = "<group>"; };
		84E5BD54AE6ED479DF77A14A /* Pods-ArtableAdmin.release.xcconfig */ = {isa = PBXFileReference; includeInIndex = 1; lastKnownFileType = text.xcconfig; name = "Pods-ArtableAdmin.release.xcconfig"; path = "Pods/Target Support Files/Pods-ArtableAdmin/Pods-ArtableAdmin.release.xcconfig"; sourceTree = "<group>"; };
		8ADEFC3965E287459D8132B4 /* Pods-ArtableAdmin.debug.xcconfig */ = {isa = PBXFileReference; includeInIndex = 1; lastKnownFileType = text.xcconfig; name = "Pods-ArtableAdmin.debug.xcconfig"; path = "Pods/Target Support Files/Pods-ArtableAdmin/Pods-ArtableAdmin.debug.xcconfig"; sourceTree = "<group>"; };
		B91D9A91229C3CA0001D9425 /* Extensions.swift */ = {isa = PBXFileReference; lastKnownFileType = sourcecode.swift; path = Extensions.swift; sourceTree = "<group>"; };
		B91FCBA3229999F900B6AEC6 /* LoginStoryboard.storyboard */ = {isa = PBXFileReference; lastKnownFileType = file.storyboard; path = LoginStoryboard.storyboard; sourceTree = "<group>"; };
		B99812BC2298ACDA00A59A40 /* Artable.app */ = {isa = PBXFileReference; explicitFileType = wrapper.application; includeInIndex = 0; path = Artable.app; sourceTree = BUILT_PRODUCTS_DIR; };
		B99812BF2298ACDA00A59A40 /* AppDelegate.swift */ = {isa = PBXFileReference; lastKnownFileType = sourcecode.swift; path = AppDelegate.swift; sourceTree = "<group>"; };
		B99812C12298ACDA00A59A40 /* ViewController.swift */ = {isa = PBXFileReference; lastKnownFileType = sourcecode.swift; path = ViewController.swift; sourceTree = "<group>"; };
		B99812C42298ACDA00A59A40 /* Base */ = {isa = PBXFileReference; lastKnownFileType = file.storyboard; name = Base; path = Base.lproj/Main.storyboard; sourceTree = "<group>"; };
		B99812C62298ACDC00A59A40 /* Assets.xcassets */ = {isa = PBXFileReference; lastKnownFileType = folder.assetcatalog; path = Assets.xcassets; sourceTree = "<group>"; };
		B99812C92298ACDC00A59A40 /* Base */ = {isa = PBXFileReference; lastKnownFileType = file.storyboard; name = Base; path = Base.lproj/LaunchScreen.storyboard; sourceTree = "<group>"; };
		B99812CB2298ACDC00A59A40 /* Info.plist */ = {isa = PBXFileReference; lastKnownFileType = text.plist.xml; path = Info.plist; sourceTree = "<group>"; };
		B99812D52298AD1A00A59A40 /* ArtableAdmin.app */ = {isa = PBXFileReference; explicitFileType = wrapper.application; includeInIndex = 0; path = ArtableAdmin.app; sourceTree = BUILT_PRODUCTS_DIR; };
		B99812D72298AD1A00A59A40 /* AppDelegate.swift */ = {isa = PBXFileReference; lastKnownFileType = sourcecode.swift; path = AppDelegate.swift; sourceTree = "<group>"; };
		B99812D92298AD1A00A59A40 /* ViewController.swift */ = {isa = PBXFileReference; lastKnownFileType = sourcecode.swift; path = ViewController.swift; sourceTree = "<group>"; };
		B99812DC2298AD1A00A59A40 /* Base */ = {isa = PBXFileReference; lastKnownFileType = file.storyboard; name = Base; path = Base.lproj/Main.storyboard; sourceTree = "<group>"; };
		B99812E12298AD1B00A59A40 /* Base */ = {isa = PBXFileReference; lastKnownFileType = file.storyboard; name = Base; path = Base.lproj/LaunchScreen.storyboard; sourceTree = "<group>"; };
		B99812E32298AD1B00A59A40 /* Info.plist */ = {isa = PBXFileReference; lastKnownFileType = text.plist.xml; path = Info.plist; sourceTree = "<group>"; };
		B99FAD75229B8CCA00759564 /* GoogleService-Info.plist */ = {isa = PBXFileReference; fileEncoding = 4; lastKnownFileType = text.plist.xml; path = "GoogleService-Info.plist"; sourceTree = "<group>"; };
		B99FAD77229B8F6800759564 /* GoogleService-Info.plist */ = {isa = PBXFileReference; fileEncoding = 4; lastKnownFileType = text.plist.xml; path = "GoogleService-Info.plist"; sourceTree = "<group>"; };
		B99FAD7B229B94E900759564 /* LoginVC.swift */ = {isa = PBXFileReference; lastKnownFileType = sourcecode.swift; path = LoginVC.swift; sourceTree = "<group>"; };
		B99FAD7D229B951000759564 /* RegisterVC.swift */ = {isa = PBXFileReference; lastKnownFileType = sourcecode.swift; path = RegisterVC.swift; sourceTree = "<group>"; };
		B9E26273229EE0D70092B71E /* Constants.swift */ = {isa = PBXFileReference; lastKnownFileType = sourcecode.swift; path = Constants.swift; sourceTree = "<group>"; };
		B9E26278229EE7B20092B71E /* RoundedViews.swift */ = {isa = PBXFileReference; lastKnownFileType = sourcecode.swift; path = RoundedViews.swift; sourceTree = "<group>"; };
/* End PBXFileReference section */

/* Begin PBXFrameworksBuildPhase section */
		B99812B92298ACDA00A59A40 /* Frameworks */ = {
			isa = PBXFrameworksBuildPhase;
			buildActionMask = 2147483647;
			files = (
				AA7F070B6280C9450BD62584 /* Pods_Artable.framework in Frameworks */,
			);
			runOnlyForDeploymentPostprocessing = 0;
		};
		B99812D22298AD1A00A59A40 /* Frameworks */ = {
			isa = PBXFrameworksBuildPhase;
			buildActionMask = 2147483647;
			files = (
				51265695C7BB603A368E9901 /* Pods_ArtableAdmin.framework in Frameworks */,
			);
			runOnlyForDeploymentPostprocessing = 0;
		};
/* End PBXFrameworksBuildPhase section */

/* Begin PBXGroup section */
		6421F3A3675D7E6A26D1A560 /* Frameworks */ = {
			isa = PBXGroup;
			children = (
				49EE826473589B87B1D202AD /* Pods_Artable.framework */,
				17F2F199CFB5F9A3E031ADE7 /* Pods_ArtableAdmin.framework */,
			);
			name = Frameworks;
			sourceTree = "<group>";
		};
		855CBCD706890A3B615F5E6D /* Pods */ = {
			isa = PBXGroup;
			children = (
				82628C99C08A7582620A9680 /* Pods-Artable.debug.xcconfig */,
				2A9DD2A86E3408589A77344B /* Pods-Artable.release.xcconfig */,
				8ADEFC3965E287459D8132B4 /* Pods-ArtableAdmin.debug.xcconfig */,
				84E5BD54AE6ED479DF77A14A /* Pods-ArtableAdmin.release.xcconfig */,
			);
			name = Pods;
			sourceTree = "<group>";
		};
		B91FCBA0229999B600B6AEC6 /* Model */ = {
			isa = PBXGroup;
			children = (
			);
			path = Model;
			sourceTree = "<group>";
		};
		B91FCBA1229999C300B6AEC6 /* View */ = {
			isa = PBXGroup;
			children = (
			);
			path = View;
			sourceTree = "<group>";
		};
		B91FCBA2229999C900B6AEC6 /* Controller */ = {
			isa = PBXGroup;
			children = (
				B99FAD7B229B94E900759564 /* LoginVC.swift */,
				B99FAD7D229B951000759564 /* RegisterVC.swift */,
				B99812C12298ACDA00A59A40 /* ViewController.swift */,
				B99812BF2298ACDA00A59A40 /* AppDelegate.swift */,
			);
			path = Controller;
			sourceTree = "<group>";
		};
		B99812B32298ACDA00A59A40 = {
			isa = PBXGroup;
			children = (
				B99812E72298AD3100A59A40 /* Shared */,
				B99812BE2298ACDA00A59A40 /* Artable */,
				B99812D62298AD1A00A59A40 /* ArtableAdmin */,
				B99812BD2298ACDA00A59A40 /* Products */,
				855CBCD706890A3B615F5E6D /* Pods */,
				6421F3A3675D7E6A26D1A560 /* Frameworks */,
			);
			sourceTree = "<group>";
		};
		B99812BD2298ACDA00A59A40 /* Products */ = {
			isa = PBXGroup;
			children = (
				B99812BC2298ACDA00A59A40 /* Artable.app */,
				B99812D52298AD1A00A59A40 /* ArtableAdmin.app */,
			);
			name = Products;
			sourceTree = "<group>";
		};
		B99812BE2298ACDA00A59A40 /* Artable */ = {
			isa = PBXGroup;
			children = (
				B91FCBA2229999C900B6AEC6 /* Controller */,
				B91FCBA1229999C300B6AEC6 /* View */,
				B91FCBA0229999B600B6AEC6 /* Model */,
				B99FAD79229B927800759564 /* Storyboards */,
				B99FAD75229B8CCA00759564 /* GoogleService-Info.plist */,
				B99812CB2298ACDC00A59A40 /* Info.plist */,
			);
			path = Artable;
			sourceTree = "<group>";
		};
		B99812D62298AD1A00A59A40 /* ArtableAdmin */ = {
			isa = PBXGroup;
			children = (
				B99FAD74229B537B00759564 /* Model */,
				B99FAD73229B537400759564 /* View */,
				B99FAD72229B536E00759564 /* Controller */,
				B99FAD7A229B92DC00759564 /* Storyboards */,
				B99812E32298AD1B00A59A40 /* Info.plist */,
				B99FAD77229B8F6800759564 /* GoogleService-Info.plist */,
			);
			path = ArtableAdmin;
			sourceTree = "<group>";
		};
		B99812E72298AD3100A59A40 /* Shared */ = {
			isa = PBXGroup;
			children = (
				B99812C62298ACDC00A59A40 /* Assets.xcassets */,
				B9E26277229EE7990092B71E /* View */,
				B9E26275229EE5FE0092B71E /* Utils */,
			);
			path = Shared;
			sourceTree = "<group>";
		};
		B99FAD72229B536E00759564 /* Controller */ = {
			isa = PBXGroup;
			children = (
				B99812D72298AD1A00A59A40 /* AppDelegate.swift */,
				B99812D92298AD1A00A59A40 /* ViewController.swift */,
			);
			path = Controller;
			sourceTree = "<group>";
		};
		B99FAD73229B537400759564 /* View */ = {
			isa = PBXGroup;
			children = (
			);
			path = View;
			sourceTree = "<group>";
		};
		B99FAD74229B537B00759564 /* Model */ = {
			isa = PBXGroup;
			children = (
			);
			path = Model;
			sourceTree = "<group>";
		};
		B99FAD79229B927800759564 /* Storyboards */ = {
			isa = PBXGroup;
			children = (
				B99812C32298ACDA00A59A40 /* Main.storyboard */,
				B91FCBA3229999F900B6AEC6 /* LoginStoryboard.storyboard */,
				B99812C82298ACDC00A59A40 /* LaunchScreen.storyboard */,
			);
			path = Storyboards;
			sourceTree = "<group>";
		};
		B99FAD7A229B92DC00759564 /* Storyboards */ = {
			isa = PBXGroup;
			children = (
				B99812DB2298AD1A00A59A40 /* Main.storyboard */,
				B99812E02298AD1B00A59A40 /* LaunchScreen.storyboard */,
			);
			path = Storyboards;
			sourceTree = "<group>";
		};
		B9E26275229EE5FE0092B71E /* Utils */ = {
			isa = PBXGroup;
			children = (
				B91D9A91229C3CA0001D9425 /* Extensions.swift */,
				B9E26273229EE0D70092B71E /* Constants.swift */,
			);
			path = Utils;
			sourceTree = "<group>";
		};
		B9E26277229EE7990092B71E /* View */ = {
			isa = PBXGroup;
			children = (
				B9E26278229EE7B20092B71E /* RoundedViews.swift */,
			);
			path = View;
			sourceTree = "<group>";
		};
/* End PBXGroup section */

/* Begin PBXNativeTarget section */
		B99812BB2298ACDA00A59A40 /* Artable */ = {
			isa = PBXNativeTarget;
			buildConfigurationList = B99812CE2298ACDC00A59A40 /* Build configuration list for PBXNativeTarget "Artable" */;
			buildPhases = (
				1AEEA324FD32225BAAFC3DF5 /* [CP] Check Pods Manifest.lock */,
				B99812B82298ACDA00A59A40 /* Sources */,
				B99812B92298ACDA00A59A40 /* Frameworks */,
				B99812BA2298ACDA00A59A40 /* Resources */,
				4B7219B520BC7AD657DA83BC /* [CP] Embed Pods Frameworks */,
			);
			buildRules = (
			);
			dependencies = (
			);
			name = Artable;
			productName = Artable;
			productReference = B99812BC2298ACDA00A59A40 /* Artable.app */;
			productType = "com.apple.product-type.application";
		};
		B99812D42298AD1A00A59A40 /* ArtableAdmin */ = {
			isa = PBXNativeTarget;
			buildConfigurationList = B99812E42298AD1B00A59A40 /* Build configuration list for PBXNativeTarget "ArtableAdmin" */;
			buildPhases = (
				D7917555706F1A7CFEC5F494 /* [CP] Check Pods Manifest.lock */,
				B99812D12298AD1A00A59A40 /* Sources */,
				B99812D22298AD1A00A59A40 /* Frameworks */,
				B99812D32298AD1A00A59A40 /* Resources */,
				38C2472BDFCA5D581D576C06 /* [CP] Embed Pods Frameworks */,
			);
			buildRules = (
			);
			dependencies = (
			);
			name = ArtableAdmin;
			productName = ArtableAdmin;
			productReference = B99812D52298AD1A00A59A40 /* ArtableAdmin.app */;
			productType = "com.apple.product-type.application";
		};
/* End PBXNativeTarget section */

/* Begin PBXProject section */
		B99812B42298ACDA00A59A40 /* Project object */ = {
			isa = PBXProject;
			attributes = {
				LastSwiftUpdateCheck = 1020;
				LastUpgradeCheck = 1020;
				ORGANIZATIONNAME = "Eric Barnes";
				TargetAttributes = {
					B99812BB2298ACDA00A59A40 = {
						CreatedOnToolsVersion = 10.2.1;
					};
					B99812D42298AD1A00A59A40 = {
						CreatedOnToolsVersion = 10.2.1;
					};
				};
			};
			buildConfigurationList = B99812B72298ACDA00A59A40 /* Build configuration list for PBXProject "Artable" */;
			compatibilityVersion = "Xcode 9.3";
			developmentRegion = en;
			hasScannedForEncodings = 0;
			knownRegions = (
				en,
				Base,
			);
			mainGroup = B99812B32298ACDA00A59A40;
			productRefGroup = B99812BD2298ACDA00A59A40 /* Products */;
			projectDirPath = "";
			projectRoot = "";
			targets = (
				B99812BB2298ACDA00A59A40 /* Artable */,
				B99812D42298AD1A00A59A40 /* ArtableAdmin */,
			);
		};
/* End PBXProject section */

/* Begin PBXResourcesBuildPhase section */
		B99812BA2298ACDA00A59A40 /* Resources */ = {
			isa = PBXResourcesBuildPhase;
			buildActionMask = 2147483647;
			files = (
				B99812CA2298ACDC00A59A40 /* LaunchScreen.storyboard in Resources */,
				B99812C72298ACDC00A59A40 /* Assets.xcassets in Resources */,
				B99FAD76229B8CCA00759564 /* GoogleService-Info.plist in Resources */,
				B99812C52298ACDA00A59A40 /* Main.storyboard in Resources */,
				B91FCBA4229999F900B6AEC6 /* LoginStoryboard.storyboard in Resources */,
			);
			runOnlyForDeploymentPostprocessing = 0;
		};
		B99812D32298AD1A00A59A40 /* Resources */ = {
			isa = PBXResourcesBuildPhase;
			buildActionMask = 2147483647;
			files = (
				B99812E22298AD1B00A59A40 /* LaunchScreen.storyboard in Resources */,
				B99812E82298AE0000A59A40 /* Assets.xcassets in Resources */,
				B99FAD78229B8F6800759564 /* GoogleService-Info.plist in Resources */,
				B99812DD2298AD1A00A59A40 /* Main.storyboard in Resources */,
			);
			runOnlyForDeploymentPostprocessing = 0;
		};
/* End PBXResourcesBuildPhase section */

/* Begin PBXShellScriptBuildPhase section */
		1AEEA324FD32225BAAFC3DF5 /* [CP] Check Pods Manifest.lock */ = {
			isa = PBXShellScriptBuildPhase;
			buildActionMask = 2147483647;
			files = (
			);
			inputFileListPaths = (
			);
			inputPaths = (
				"${PODS_PODFILE_DIR_PATH}/Podfile.lock",
				"${PODS_ROOT}/Manifest.lock",
			);
			name = "[CP] Check Pods Manifest.lock";
			outputFileListPaths = (
			);
			outputPaths = (
				"$(DERIVED_FILE_DIR)/Pods-Artable-checkManifestLockResult.txt",
			);
			runOnlyForDeploymentPostprocessing = 0;
			shellPath = /bin/sh;
			shellScript = "diff \"${PODS_PODFILE_DIR_PATH}/Podfile.lock\" \"${PODS_ROOT}/Manifest.lock\" > /dev/null\nif [ $? != 0 ] ; then\n    # print error to STDERR\n    echo \"error: The sandbox is not in sync with the Podfile.lock. Run 'pod install' or update your CocoaPods installation.\" >&2\n    exit 1\nfi\n# This output is used by Xcode 'outputs' to avoid re-running this script phase.\necho \"SUCCESS\" > \"${SCRIPT_OUTPUT_FILE_0}\"\n";
			showEnvVarsInLog = 0;
		};
		38C2472BDFCA5D581D576C06 /* [CP] Embed Pods Frameworks */ = {
			isa = PBXShellScriptBuildPhase;
			buildActionMask = 2147483647;
			files = (
			);
			inputFileListPaths = (
			);
			inputPaths = (
				"${SRCROOT}/Pods/Target Support Files/Pods-ArtableAdmin/Pods-ArtableAdmin-frameworks.sh",
				"${BUILT_PRODUCTS_DIR}/BoringSSL-GRPC/openssl_grpc.framework",
				"${BUILT_PRODUCTS_DIR}/CodableFirebase/CodableFirebase.framework",
				"${BUILT_PRODUCTS_DIR}/GTMSessionFetcher/GTMSessionFetcher.framework",
				"${BUILT_PRODUCTS_DIR}/GoogleUtilities/GoogleUtilities.framework",
				"${BUILT_PRODUCTS_DIR}/IQKeyboardManagerSwift/IQKeyboardManagerSwift.framework",
				"${BUILT_PRODUCTS_DIR}/Kingfisher/Kingfisher.framework",
				"${BUILT_PRODUCTS_DIR}/Protobuf/Protobuf.framework",
				"${BUILT_PRODUCTS_DIR}/gRPC-C++/grpcpp.framework",
				"${BUILT_PRODUCTS_DIR}/gRPC-Core/grpc.framework",
				"${BUILT_PRODUCTS_DIR}/leveldb-library/leveldb.framework",
				"${BUILT_PRODUCTS_DIR}/nanopb/nanopb.framework",
				"${BUILT_PRODUCTS_DIR}/CropViewController/CropViewController.framework",
			);
			name = "[CP] Embed Pods Frameworks";
			outputFileListPaths = (
			);
			outputPaths = (
				"${TARGET_BUILD_DIR}/${FRAMEWORKS_FOLDER_PATH}/openssl_grpc.framework",
				"${TARGET_BUILD_DIR}/${FRAMEWORKS_FOLDER_PATH}/CodableFirebase.framework",
				"${TARGET_BUILD_DIR}/${FRAMEWORKS_FOLDER_PATH}/GTMSessionFetcher.framework",
				"${TARGET_BUILD_DIR}/${FRAMEWORKS_FOLDER_PATH}/GoogleUtilities.framework",
				"${TARGET_BUILD_DIR}/${FRAMEWORKS_FOLDER_PATH}/IQKeyboardManagerSwift.framework",
				"${TARGET_BUILD_DIR}/${FRAMEWORKS_FOLDER_PATH}/Kingfisher.framework",
				"${TARGET_BUILD_DIR}/${FRAMEWORKS_FOLDER_PATH}/Protobuf.framework",
				"${TARGET_BUILD_DIR}/${FRAMEWORKS_FOLDER_PATH}/grpcpp.framework",
				"${TARGET_BUILD_DIR}/${FRAMEWORKS_FOLDER_PATH}/grpc.framework",
				"${TARGET_BUILD_DIR}/${FRAMEWORKS_FOLDER_PATH}/leveldb.framework",
				"${TARGET_BUILD_DIR}/${FRAMEWORKS_FOLDER_PATH}/nanopb.framework",
				"${TARGET_BUILD_DIR}/${FRAMEWORKS_FOLDER_PATH}/CropViewController.framework",
			);
			runOnlyForDeploymentPostprocessing = 0;
			shellPath = /bin/sh;
			shellScript = "\"${SRCROOT}/Pods/Target Support Files/Pods-ArtableAdmin/Pods-ArtableAdmin-frameworks.sh\"\n";
			showEnvVarsInLog = 0;
		};
		4B7219B520BC7AD657DA83BC /* [CP] Embed Pods Frameworks */ = {
			isa = PBXShellScriptBuildPhase;
			buildActionMask = 2147483647;
			files = (
			);
			inputFileListPaths = (
			);
			inputPaths = (
				"${SRCROOT}/Pods/Target Support Files/Pods-Artable/Pods-Artable-frameworks.sh",
				"${BUILT_PRODUCTS_DIR}/Alamofire/Alamofire.framework",
				"${BUILT_PRODUCTS_DIR}/BoringSSL-GRPC/openssl_grpc.framework",
				"${BUILT_PRODUCTS_DIR}/CodableFirebase/CodableFirebase.framework",
				"${BUILT_PRODUCTS_DIR}/GTMSessionFetcher/GTMSessionFetcher.framework",
				"${BUILT_PRODUCTS_DIR}/GoogleUtilities/GoogleUtilities.framework",
				"${BUILT_PRODUCTS_DIR}/IQKeyboardManagerSwift/IQKeyboardManagerSwift.framework",
				"${BUILT_PRODUCTS_DIR}/Kingfisher/Kingfisher.framework",
				"${BUILT_PRODUCTS_DIR}/Protobuf/Protobuf.framework",
				"${BUILT_PRODUCTS_DIR}/Stripe/Stripe.framework",
				"${BUILT_PRODUCTS_DIR}/gRPC-C++/grpcpp.framework",
				"${BUILT_PRODUCTS_DIR}/gRPC-Core/grpc.framework",
				"${BUILT_PRODUCTS_DIR}/leveldb-library/leveldb.framework",
				"${BUILT_PRODUCTS_DIR}/nanopb/nanopb.framework",
			);
			name = "[CP] Embed Pods Frameworks";
			outputFileListPaths = (
			);
			outputPaths = (
				"${TARGET_BUILD_DIR}/${FRAMEWORKS_FOLDER_PATH}/Alamofire.framework",
				"${TARGET_BUILD_DIR}/${FRAMEWORKS_FOLDER_PATH}/openssl_grpc.framework",
				"${TARGET_BUILD_DIR}/${FRAMEWORKS_FOLDER_PATH}/CodableFirebase.framework",
				"${TARGET_BUILD_DIR}/${FRAMEWORKS_FOLDER_PATH}/GTMSessionFetcher.framework",
				"${TARGET_BUILD_DIR}/${FRAMEWORKS_FOLDER_PATH}/GoogleUtilities.framework",
				"${TARGET_BUILD_DIR}/${FRAMEWORKS_FOLDER_PATH}/IQKeyboardManagerSwift.framework",
				"${TARGET_BUILD_DIR}/${FRAMEWORKS_FOLDER_PATH}/Kingfisher.framework",
				"${TARGET_BUILD_DIR}/${FRAMEWORKS_FOLDER_PATH}/Protobuf.framework",
				"${TARGET_BUILD_DIR}/${FRAMEWORKS_FOLDER_PATH}/Stripe.framework",
				"${TARGET_BUILD_DIR}/${FRAMEWORKS_FOLDER_PATH}/grpcpp.framework",
				"${TARGET_BUILD_DIR}/${FRAMEWORKS_FOLDER_PATH}/grpc.framework",
				"${TARGET_BUILD_DIR}/${FRAMEWORKS_FOLDER_PATH}/leveldb.framework",
				"${TARGET_BUILD_DIR}/${FRAMEWORKS_FOLDER_PATH}/nanopb.framework",
			);
			runOnlyForDeploymentPostprocessing = 0;
			shellPath = /bin/sh;
			shellScript = "\"${SRCROOT}/Pods/Target Support Files/Pods-Artable/Pods-Artable-frameworks.sh\"\n";
			showEnvVarsInLog = 0;
		};
		D7917555706F1A7CFEC5F494 /* [CP] Check Pods Manifest.lock */ = {
			isa = PBXShellScriptBuildPhase;
			buildActionMask = 2147483647;
			files = (
			);
			inputFileListPaths = (
			);
			inputPaths = (
				"${PODS_PODFILE_DIR_PATH}/Podfile.lock",
				"${PODS_ROOT}/Manifest.lock",
			);
			name = "[CP] Check Pods Manifest.lock";
			outputFileListPaths = (
			);
			outputPaths = (
				"$(DERIVED_FILE_DIR)/Pods-ArtableAdmin-checkManifestLockResult.txt",
			);
			runOnlyForDeploymentPostprocessing = 0;
			shellPath = /bin/sh;
			shellScript = "diff \"${PODS_PODFILE_DIR_PATH}/Podfile.lock\" \"${PODS_ROOT}/Manifest.lock\" > /dev/null\nif [ $? != 0 ] ; then\n    # print error to STDERR\n    echo \"error: The sandbox is not in sync with the Podfile.lock. Run 'pod install' or update your CocoaPods installation.\" >&2\n    exit 1\nfi\n# This output is used by Xcode 'outputs' to avoid re-running this script phase.\necho \"SUCCESS\" > \"${SCRIPT_OUTPUT_FILE_0}\"\n";
			showEnvVarsInLog = 0;
		};
/* End PBXShellScriptBuildPhase section */

/* Begin PBXSourcesBuildPhase section */
		B99812B82298ACDA00A59A40 /* Sources */ = {
			isa = PBXSourcesBuildPhase;
			buildActionMask = 2147483647;
			files = (
				B91D9A92229C3CA0001D9425 /* Extensions.swift in Sources */,
				B99812C22298ACDA00A59A40 /* ViewController.swift in Sources */,
				B99FAD7E229B951000759564 /* RegisterVC.swift in Sources */,
				B99812C02298ACDA00A59A40 /* AppDelegate.swift in Sources */,
				B9E26279229EE7B20092B71E /* RoundedViews.swift in Sources */,
				B99FAD7C229B94E900759564 /* LoginVC.swift in Sources */,
				B9E26274229EE0D70092B71E /* Constants.swift in Sources */,
			);
			runOnlyForDeploymentPostprocessing = 0;
		};
		B99812D12298AD1A00A59A40 /* Sources */ = {
			isa = PBXSourcesBuildPhase;
			buildActionMask = 2147483647;
			files = (
				B99812DA2298AD1A00A59A40 /* ViewController.swift in Sources */,
				B91D9A93229C3CA0001D9425 /* Extensions.swift in Sources */,
				B99812D82298AD1A00A59A40 /* AppDelegate.swift in Sources */,
				B9E26276229EE6050092B71E /* Constants.swift in Sources */,
			);
			runOnlyForDeploymentPostprocessing = 0;
		};
/* End PBXSourcesBuildPhase section */

/* Begin PBXVariantGroup section */
		B99812C32298ACDA00A59A40 /* Main.storyboard */ = {
			isa = PBXVariantGroup;
			children = (
				B99812C42298ACDA00A59A40 /* Base */,
			);
			name = Main.storyboard;
			sourceTree = "<group>";
		};
		B99812C82298ACDC00A59A40 /* LaunchScreen.storyboard */ = {
			isa = PBXVariantGroup;
			children = (
				B99812C92298ACDC00A59A40 /* Base */,
			);
			name = LaunchScreen.storyboard;
			sourceTree = "<group>";
		};
		B99812DB2298AD1A00A59A40 /* Main.storyboard */ = {
			isa = PBXVariantGroup;
			children = (
				B99812DC2298AD1A00A59A40 /* Base */,
			);
			name = Main.storyboard;
			sourceTree = "<group>";
		};
		B99812E02298AD1B00A59A40 /* LaunchScreen.storyboard */ = {
			isa = PBXVariantGroup;
			children = (
				B99812E12298AD1B00A59A40 /* Base */,
			);
			name = LaunchScreen.storyboard;
			sourceTree = "<group>";
		};
/* End PBXVariantGroup section */

/* Begin XCBuildConfiguration section */
		B99812CC2298ACDC00A59A40 /* Debug */ = {
			isa = XCBuildConfiguration;
			buildSettings = {
				ALWAYS_SEARCH_USER_PATHS = NO;
				CLANG_ANALYZER_NONNULL = YES;
				CLANG_ANALYZER_NUMBER_OBJECT_CONVERSION = YES_AGGRESSIVE;
				CLANG_CXX_LANGUAGE_STANDARD = "gnu++14";
				CLANG_CXX_LIBRARY = "libc++";
				CLANG_ENABLE_MODULES = YES;
				CLANG_ENABLE_OBJC_ARC = YES;
				CLANG_ENABLE_OBJC_WEAK = YES;
				CLANG_WARN_BLOCK_CAPTURE_AUTORELEASING = YES;
				CLANG_WARN_BOOL_CONVERSION = YES;
				CLANG_WARN_COMMA = YES;
				CLANG_WARN_CONSTANT_CONVERSION = YES;
				CLANG_WARN_DEPRECATED_OBJC_IMPLEMENTATIONS = YES;
				CLANG_WARN_DIRECT_OBJC_ISA_USAGE = YES_ERROR;
				CLANG_WARN_DOCUMENTATION_COMMENTS = YES;
				CLANG_WARN_EMPTY_BODY = YES;
				CLANG_WARN_ENUM_CONVERSION = YES;
				CLANG_WARN_INFINITE_RECURSION = YES;
				CLANG_WARN_INT_CONVERSION = YES;
				CLANG_WARN_NON_LITERAL_NULL_CONVERSION = YES;
				CLANG_WARN_OBJC_IMPLICIT_RETAIN_SELF = YES;
				CLANG_WARN_OBJC_LITERAL_CONVERSION = YES;
				CLANG_WARN_OBJC_ROOT_CLASS = YES_ERROR;
				CLANG_WARN_RANGE_LOOP_ANALYSIS = YES;
				CLANG_WARN_STRICT_PROTOTYPES = YES;
				CLANG_WARN_SUSPICIOUS_MOVE = YES;
				CLANG_WARN_UNGUARDED_AVAILABILITY = YES_AGGRESSIVE;
				CLANG_WARN_UNREACHABLE_CODE = YES;
				CLANG_WARN__DUPLICATE_METHOD_MATCH = YES;
				CODE_SIGN_IDENTITY = "iPhone Developer";
				COPY_PHASE_STRIP = NO;
				DEBUG_INFORMATION_FORMAT = dwarf;
				ENABLE_STRICT_OBJC_MSGSEND = YES;
				ENABLE_TESTABILITY = YES;
				GCC_C_LANGUAGE_STANDARD = gnu11;
				GCC_DYNAMIC_NO_PIC = NO;
				GCC_NO_COMMON_BLOCKS = YES;
				GCC_OPTIMIZATION_LEVEL = 0;
				GCC_PREPROCESSOR_DEFINITIONS = (
					"DEBUG=1",
					"$(inherited)",
				);
				GCC_WARN_64_TO_32_BIT_CONVERSION = YES;
				GCC_WARN_ABOUT_RETURN_TYPE = YES_ERROR;
				GCC_WARN_UNDECLARED_SELECTOR = YES;
				GCC_WARN_UNINITIALIZED_AUTOS = YES_AGGRESSIVE;
				GCC_WARN_UNUSED_FUNCTION = YES;
				GCC_WARN_UNUSED_VARIABLE = YES;
				IPHONEOS_DEPLOYMENT_TARGET = 12.2;
				MTL_ENABLE_DEBUG_INFO = INCLUDE_SOURCE;
				MTL_FAST_MATH = YES;
				ONLY_ACTIVE_ARCH = YES;
				SDKROOT = iphoneos;
				SWIFT_ACTIVE_COMPILATION_CONDITIONS = DEBUG;
				SWIFT_OPTIMIZATION_LEVEL = "-Onone";
			};
			name = Debug;
		};
		B99812CD2298ACDC00A59A40 /* Release */ = {
			isa = XCBuildConfiguration;
			buildSettings = {
				ALWAYS_SEARCH_USER_PATHS = NO;
				CLANG_ANALYZER_NONNULL = YES;
				CLANG_ANALYZER_NUMBER_OBJECT_CONVERSION = YES_AGGRESSIVE;
				CLANG_CXX_LANGUAGE_STANDARD = "gnu++14";
				CLANG_CXX_LIBRARY = "libc++";
				CLANG_ENABLE_MODULES = YES;
				CLANG_ENABLE_OBJC_ARC = YES;
				CLANG_ENABLE_OBJC_WEAK = YES;
				CLANG_WARN_BLOCK_CAPTURE_AUTORELEASING = YES;
				CLANG_WARN_BOOL_CONVERSION = YES;
				CLANG_WARN_COMMA = YES;
				CLANG_WARN_CONSTANT_CONVERSION = YES;
				CLANG_WARN_DEPRECATED_OBJC_IMPLEMENTATIONS = YES;
				CLANG_WARN_DIRECT_OBJC_ISA_USAGE = YES_ERROR;
				CLANG_WARN_DOCUMENTATION_COMMENTS = YES;
				CLANG_WARN_EMPTY_BODY = YES;
				CLANG_WARN_ENUM_CONVERSION = YES;
				CLANG_WARN_INFINITE_RECURSION = YES;
				CLANG_WARN_INT_CONVERSION = YES;
				CLANG_WARN_NON_LITERAL_NULL_CONVERSION = YES;
				CLANG_WARN_OBJC_IMPLICIT_RETAIN_SELF = YES;
				CLANG_WARN_OBJC_LITERAL_CONVERSION = YES;
				CLANG_WARN_OBJC_ROOT_CLASS = YES_ERROR;
				CLANG_WARN_RANGE_LOOP_ANALYSIS = YES;
				CLANG_WARN_STRICT_PROTOTYPES = YES;
				CLANG_WARN_SUSPICIOUS_MOVE = YES;
				CLANG_WARN_UNGUARDED_AVAILABILITY = YES_AGGRESSIVE;
				CLANG_WARN_UNREACHABLE_CODE = YES;
				CLANG_WARN__DUPLICATE_METHOD_MATCH = YES;
				CODE_SIGN_IDENTITY = "iPhone Developer";
				COPY_PHASE_STRIP = NO;
				DEBUG_INFORMATION_FORMAT = "dwarf-with-dsym";
				ENABLE_NS_ASSERTIONS = NO;
				ENABLE_STRICT_OBJC_MSGSEND = YES;
				GCC_C_LANGUAGE_STANDARD = gnu11;
				GCC_NO_COMMON_BLOCKS = YES;
				GCC_WARN_64_TO_32_BIT_CONVERSION = YES;
				GCC_WARN_ABOUT_RETURN_TYPE = YES_ERROR;
				GCC_WARN_UNDECLARED_SELECTOR = YES;
				GCC_WARN_UNINITIALIZED_AUTOS = YES_AGGRESSIVE;
				GCC_WARN_UNUSED_FUNCTION = YES;
				GCC_WARN_UNUSED_VARIABLE = YES;
				IPHONEOS_DEPLOYMENT_TARGET = 12.2;
				MTL_ENABLE_DEBUG_INFO = NO;
				MTL_FAST_MATH = YES;
				SDKROOT = iphoneos;
				SWIFT_COMPILATION_MODE = wholemodule;
				SWIFT_OPTIMIZATION_LEVEL = "-O";
				VALIDATE_PRODUCT = YES;
			};
			name = Release;
		};
		B99812CF2298ACDC00A59A40 /* Debug */ = {
			isa = XCBuildConfiguration;
			baseConfigurationReference = 82628C99C08A7582620A9680 /* Pods-Artable.debug.xcconfig */;
			buildSettings = {
				ASSETCATALOG_COMPILER_APPICON_NAME = AppIcon;
				CODE_SIGN_STYLE = Automatic;
				DEVELOPMENT_TEAM = 64P8YXLPZZ;
				INFOPLIST_FILE = Artable/Info.plist;
				LD_RUNPATH_SEARCH_PATHS = (
					"$(inherited)",
					"@executable_path/Frameworks",
				);
				PRODUCT_BUNDLE_IDENTIFIER = com.Eric.Artable;
				PRODUCT_NAME = "$(TARGET_NAME)";
				SWIFT_VERSION = 5.0;
				TARGETED_DEVICE_FAMILY = "1,2";
			};
			name = Debug;
		};
		B99812D02298ACDC00A59A40 /* Release */ = {
			isa = XCBuildConfiguration;
			baseConfigurationReference = 2A9DD2A86E3408589A77344B /* Pods-Artable.release.xcconfig */;
			buildSettings = {
				ASSETCATALOG_COMPILER_APPICON_NAME = AppIcon;
				CODE_SIGN_STYLE = Automatic;
				DEVELOPMENT_TEAM = 64P8YXLPZZ;
				INFOPLIST_FILE = Artable/Info.plist;
				LD_RUNPATH_SEARCH_PATHS = (
					"$(inherited)",
					"@executable_path/Frameworks",
				);
				PRODUCT_BUNDLE_IDENTIFIER = com.Eric.Artable;
				PRODUCT_NAME = "$(TARGET_NAME)";
				SWIFT_VERSION = 5.0;
				TARGETED_DEVICE_FAMILY = "1,2";
			};
			name = Release;
		};
		B99812E52298AD1B00A59A40 /* Debug */ = {
			isa = XCBuildConfiguration;
			baseConfigurationReference = 8ADEFC3965E287459D8132B4 /* Pods-ArtableAdmin.debug.xcconfig */;
			buildSettings = {
				ASSETCATALOG_COMPILER_APPICON_NAME = AppIcon;
				CODE_SIGN_STYLE = Automatic;
				DEVELOPMENT_TEAM = 64P8YXLPZZ;
				INFOPLIST_FILE = ArtableAdmin/Info.plist;
				LD_RUNPATH_SEARCH_PATHS = (
					"$(inherited)",
					"@executable_path/Frameworks",
				);
				PRODUCT_BUNDLE_IDENTIFIER = com.Eric.ArtableAdmin;
				PRODUCT_NAME = "$(TARGET_NAME)";
				SWIFT_VERSION = 5.0;
				TARGETED_DEVICE_FAMILY = "1,2";
			};
			name = Debug;
		};
		B99812E62298AD1B00A59A40 /* Release */ = {
			isa = XCBuildConfiguration;
			baseConfigurationReference = 84E5BD54AE6ED479DF77A14A /* Pods-ArtableAdmin.release.xcconfig */;
			buildSettings = {
				ASSETCATALOG_COMPILER_APPICON_NAME = AppIcon;
				CODE_SIGN_STYLE = Automatic;
				DEVELOPMENT_TEAM = 64P8YXLPZZ;
				INFOPLIST_FILE = ArtableAdmin/Info.plist;
				LD_RUNPATH_SEARCH_PATHS = (
					"$(inherited)",
					"@executable_path/Frameworks",
				);
				PRODUCT_BUNDLE_IDENTIFIER = com.Eric.ArtableAdmin;
				PRODUCT_NAME = "$(TARGET_NAME)";
				SWIFT_VERSION = 5.0;
				TARGETED_DEVICE_FAMILY = "1,2";
			};
			name = Release;
		};
/* End XCBuildConfiguration section */

/* Begin XCConfigurationList section */
		B99812B72298ACDA00A59A40 /* Build configuration list for PBXProject "Artable" */ = {
			isa = XCConfigurationList;
			buildConfigurations = (
				B99812CC2298ACDC00A59A40 /* Debug */,
				B99812CD2298ACDC00A59A40 /* Release */,
			);
			defaultConfigurationIsVisible = 0;
			defaultConfigurationName = Release;
		};
		B99812CE2298ACDC00A59A40 /* Build configuration list for PBXNativeTarget "Artable" */ = {
			isa = XCConfigurationList;
			buildConfigurations = (
				B99812CF2298ACDC00A59A40 /* Debug */,
				B99812D02298ACDC00A59A40 /* Release */,
			);
			defaultConfigurationIsVisible = 0;
			defaultConfigurationName = Release;
		};
		B99812E42298AD1B00A59A40 /* Build configuration list for PBXNativeTarget "ArtableAdmin" */ = {
			isa = XCConfigurationList;
			buildConfigurations = (
				B99812E52298AD1B00A59A40 /* Debug */,
				B99812E62298AD1B00A59A40 /* Release */,
			);
			defaultConfigurationIsVisible = 0;
			defaultConfigurationName = Release;
		};
/* End XCConfigurationList section */
	};
	rootObject = B99812B42298ACDA00A59A40 /* Project object */;
}
